
Microsoft Visual Studio Solution File, Format Version 12.00
# Visual Studio Version 17
VisualStudioVersion = 17.8.34525.116
MinimumVisualStudioVersion = 10.0.40219.1
Project("{2150E333-8FDC-42A3-9474-1A3956D46DE8}") = "src", "src", "{5336AB73-5F5F-4BEC-9D39-7AF8417BB8B6}"
EndProject
Project("{2150E333-8FDC-42A3-9474-1A3956D46DE8}") = "tests", "tests", "{628EE825-5080-4BA4-B5CA-04FC57C0A5DC}"
EndProject
Project("{9A19103F-16F7-4668-BE54-9A1E7A4F7556}") = "RealWorldApp.Api", "src\RealWorldApp.Api\RealWorldApp.Api.csproj", "{57F05D3B-A9A8-4F2B-A656-9FCB39ACF055}"
EndProject
Project("{9A19103F-16F7-4668-BE54-9A1E7A4F7556}") = "RealWorldApp.Application", "src\RealWorldApp.Application\RealWorldApp.Application.csproj", "{8855AA65-8492-4183-934D-517CB3BACE7A}"
EndProject
Project("{9A19103F-16F7-4668-BE54-9A1E7A4F7556}") = "RealWorldApp.Core", "src\RealWorldApp.Core\RealWorldApp.Core.csproj", "{3B90E4C7-53CD-4352-A8D4-02029C211FC8}"
EndProject
Project("{9A19103F-16F7-4668-BE54-9A1E7A4F7556}") = "RealWorldApp.Infrastructure", "src\RealWorldApp.Infrastructure\RealWorldApp.Infrastructure.csproj", "{995A7FF5-1CF8-4FC5-AAC3-8B187AB36A24}"
EndProject
Global
	GlobalSection(SolutionConfigurationPlatforms) = preSolution
		Debug|Any CPU = Debug|Any CPU
		Release|Any CPU = Release|Any CPU
	EndGlobalSection
	GlobalSection(ProjectConfigurationPlatforms) = postSolution
		{57F05D3B-A9A8-4F2B-A656-9FCB39ACF055}.Debug|Any CPU.ActiveCfg = Debug|Any CPU
		{57F05D3B-A9A8-4F2B-A656-9FCB39ACF055}.Debug|Any CPU.Build.0 = Debug|Any CPU
		{57F05D3B-A9A8-4F2B-A656-9FCB39ACF055}.Release|Any CPU.ActiveCfg = Release|Any CPU
		{57F05D3B-A9A8-4F2B-A656-9FCB39ACF055}.Release|Any CPU.Build.0 = Release|Any CPU
		{8855AA65-8492-4183-934D-517CB3BACE7A}.Debug|Any CPU.ActiveCfg = Debug|Any CPU
		{8855AA65-8492-4183-934D-517CB3BACE7A}.Debug|Any CPU.Build.0 = Debug|Any CPU
		{8855AA65-8492-4183-934D-517CB3BACE7A}.Release|Any CPU.ActiveCfg = Release|Any CPU
		{8855AA65-8492-4183-934D-517CB3BACE7A}.Release|Any CPU.Build.0 = Release|Any CPU
		{3B90E4C7-53CD-4352-A8D4-02029C211FC8}.Debug|Any CPU.ActiveCfg = Debug|Any CPU
		{3B90E4C7-53CD-4352-A8D4-02029C211FC8}.Debug|Any CPU.Build.0 = Debug|Any CPU
		{3B90E4C7-53CD-4352-A8D4-02029C211FC8}.Release|Any CPU.ActiveCfg = Release|Any CPU
		{3B90E4C7-53CD-4352-A8D4-02029C211FC8}.Release|Any CPU.Build.0 = Release|Any CPU
		{995A7FF5-1CF8-4FC5-AAC3-8B187AB36A24}.Debug|Any CPU.ActiveCfg = Debug|Any CPU
		{995A7FF5-1CF8-4FC5-AAC3-8B187AB36A24}.Debug|Any CPU.Build.0 = Debug|Any CPU
		{995A7FF5-1CF8-4FC5-AAC3-8B187AB36A24}.Release|Any CPU.ActiveCfg = Release|Any CPU
		{995A7FF5-1CF8-4FC5-AAC3-8B187AB36A24}.Release|Any CPU.Build.0 = Release|Any CPU
	EndGlobalSection
	GlobalSection(SolutionProperties) = preSolution
		HideSolutionNode = FALSE
	EndGlobalSection
	GlobalSection(NestedProjects) = preSolution
		{57F05D3B-A9A8-4F2B-A656-9FCB39ACF055} = {5336AB73-5F5F-4BEC-9D39-7AF8417BB8B6}
		{8855AA65-8492-4183-934D-517CB3BACE7A} = {5336AB73-5F5F-4BEC-9D39-7AF8417BB8B6}
		{3B90E4C7-53CD-4352-A8D4-02029C211FC8} = {5336AB73-5F5F-4BEC-9D39-7AF8417BB8B6}
		{995A7FF5-1CF8-4FC5-AAC3-8B187AB36A24} = {5336AB73-5F5F-4BEC-9D39-7AF8417BB8B6}
	EndGlobalSection
	GlobalSection(ExtensibilityGlobals) = postSolution
		SolutionGuid = {D0841A67-9D5B-4628-821B-794B85E0FD4F}
	EndGlobalSection
EndGlobal
