
Microsoft Visual Studio Solution File, Format Version 12.00
# Visual Studio Version 17
VisualStudioVersion = 17.9.34616.47
MinimumVisualStudioVersion = 10.0.40219.1
Project("{FAE04EC0-301F-11D3-BF4B-00C04F79EFBC}") = "Zadanie Rekturacyjne", "Zadanie Rekturacyjne.csproj", "{2AF31438-E725-4197-B384-C45559B7CB65}"
EndProject
Global
	GlobalSection(SolutionConfigurationPlatforms) = preSolution
		Debug|Any CPU = Debug|Any CPU
		Release|Any CPU = Release|Any CPU
	EndGlobalSection
	GlobalSection(ProjectConfigurationPlatforms) = postSolution
		{2AF31438-E725-4197-B384-C45559B7CB65}.Debug|Any CPU.ActiveCfg = Debug|Any CPU
		{2AF31438-E725-4197-B384-C45559B7CB65}.Debug|Any CPU.Build.0 = Debug|Any CPU
		{2AF31438-E725-4197-B384-C45559B7CB65}.Release|Any CPU.ActiveCfg = Release|Any CPU
		{2AF31438-E725-4197-B384-C45559B7CB65}.Release|Any CPU.Build.0 = Release|Any CPU
	EndGlobalSection
	GlobalSection(SolutionProperties) = preSolution
		HideSolutionNode = FALSE
	EndGlobalSection
	GlobalSection(ExtensibilityGlobals) = postSolution
		SolutionGuid = {14D76CF2-431F-4167-B32B-7810370F0BDA}
	EndGlobalSection
EndGlobal
